# THIS IS AN AUTOGENERATED FILE. DO NOT EDIT THIS FILE DIRECTLY.
# yarn lockfile v1


"@babel/helper-plugin-utils@^7.12.13", "@babel/helper-plugin-utils@^7.8.0":
  version "7.12.13"
  resolved "https://registry.yarnpkg.com/@babel/helper-plugin-utils/-/helper-plugin-utils-7.12.13.tgz#174254d0f2424d8aefb4dd48057511247b0a9eeb"
  integrity sha512-C+10MXCXJLiR6IeG9+Wiejt9jmtFpxUc3MQqCmPY8hfCjyUGl9kT+B2okzEZrtykiwrc4dbCPdDoz0A/HQbDaA==

"@babel/helper-skip-transparent-expression-wrappers@^7.12.1":
  version "7.12.1"
  resolved "https://registry.yarnpkg.com/@babel/helper-skip-transparent-expression-wrappers/-/helper-skip-transparent-expression-wrappers-7.12.1.tgz#462dc63a7e435ade8468385c63d2b84cce4b3cbf"
  integrity sha512-Mf5AUuhG1/OCChOJ/HcADmvcHM42WJockombn8ATJG3OnyiSxBK/Mm5x78BQWvmtXZKHgbjdGL2kin/HOLlZGA==
  dependencies:
    "@babel/types" "^7.12.1"

"@babel/helper-validator-identifier@^7.12.11":
  version "7.12.11"
  resolved "https://registry.yarnpkg.com/@babel/helper-validator-identifier/-/helper-validator-identifier-7.12.11.tgz#c9a1f021917dcb5ccf0d4e453e399022981fc9ed"
  integrity sha512-np/lG3uARFybkoHokJUmf1QfEvRVCPbmQeUQpKow5cQ3xWrV9i3rUHodKDJPQfTVX61qKi+UdYk8kik84n7XOw==

"@babel/plugin-proposal-optional-chaining@^7.12.13":
  version "7.12.13"
  resolved "https://registry.yarnpkg.com/@babel/plugin-proposal-optional-chaining/-/plugin-proposal-optional-chaining-7.12.13.tgz#63a7d805bc8ce626f3234ee5421a2a7fb23f66d9"
  integrity sha512-0ZwjGfTcnZqyV3y9DSD1Yk3ebp+sIUpT2YDqP8hovzaNZnQq2Kd7PEqa6iOIUDBXBt7Jl3P7YAcEIL5Pz8u09Q==
  dependencies:
    "@babel/helper-plugin-utils" "^7.12.13"
    "@babel/helper-skip-transparent-expression-wrappers" "^7.12.1"
    "@babel/plugin-syntax-optional-chaining" "^7.8.0"

"@babel/plugin-syntax-optional-chaining@^7.8.0":
  version "7.8.3"
  resolved "https://registry.yarnpkg.com/@babel/plugin-syntax-optional-chaining/-/plugin-syntax-optional-chaining-7.8.3.tgz#4f69c2ab95167e0180cd5336613f8c5788f7d48a"
  integrity sha512-KoK9ErH1MBlCPxV0VANkXW2/dw4vlbGDrFgz8bmUsBGYkFRcbRwMh6cIJubdPrkxRwuGdtCk0v/wPTKbQgBjkg==
  dependencies:
    "@babel/helper-plugin-utils" "^7.8.0"

"@babel/types@^7.12.1":
  version "7.12.12"
  resolved "https://registry.yarnpkg.com/@babel/types/-/types-7.12.12.tgz#4608a6ec313abbd87afa55004d373ad04a96c299"
  integrity sha512-lnIX7piTxOH22xE7fDXDbSHg9MM1/6ORnafpJmov5rs0kX5g4BZxeXNJLXsMRiO0U5Rb8/FvMS6xlTnTHvxonQ==
  dependencies:
    "@babel/helper-validator-identifier" "^7.12.11"
    lodash "^4.17.19"
    to-fast-properties "^2.0.0"

lodash@^4.17.19:
  version "4.17.20"
  resolved "https://registry.yarnpkg.com/lodash/-/lodash-4.17.20.tgz#b44a9b6297bcb698f1c51a3545a2b3b368d59c52"
  integrity sha512-PlhdFcillOINfeV7Ni6oF1TAEayyZBoZ8bcshTHqOYJYlrqzRK5hagpagky5o4HfCzzd1TRkXPMFq6cKk9rGmA==

to-fast-properties@^2.0.0:
  version "2.0.0"
  resolved "https://registry.yarnpkg.com/to-fast-properties/-/to-fast-properties-2.0.0.tgz#dc5e698cbd079265bc73e0377681a4e4e83f616e"
  integrity sha1-3F5pjL0HkmW8c+A3doGk5Og/YW4=
